
Microsoft Visual Studio Solution File, Format Version 12.00
# Visual Studio 15
VisualStudioVersion = 15.0.28307.1972
MinimumVisualStudioVersion = 10.0.40219.1
Project("{FAE04EC0-301F-11D3-BF4B-00C04F79EFBC}") = "WebApplication", "WebApplication\WebApplication.csproj", "{6499EDE9-AC8B-42F2-9B67-73B42523023C}"
EndProject
Global
	GlobalSection(SolutionConfigurationPlatforms) = preSolution
		Debug|Any CPU = Debug|Any CPU
		Release|Any CPU = Release|Any CPU
	EndGlobalSection
	GlobalSection(ProjectConfigurationPlatforms) = postSolution
		{6499EDE9-AC8B-42F2-9B67-73B42523023C}.Debug|Any CPU.ActiveCfg = Debug|Any CPU
		{6499EDE9-AC8B-42F2-9B67-73B42523023C}.Debug|Any CPU.Build.0 = Debug|Any CPU
		{6499EDE9-AC8B-42F2-9B67-73B42523023C}.Release|Any CPU.ActiveCfg = Release|Any CPU
		{6499EDE9-AC8B-42F2-9B67-73B42523023C}.Release|Any CPU.Build.0 = Release|Any CPU
	EndGlobalSection
	GlobalSection(SolutionProperties) = preSolution
		HideSolutionNode = FALSE
	EndGlobalSection
	GlobalSection(ExtensibilityGlobals) = postSolution
		SolutionGuid = {E166C52E-A7DC-4131-9AC7-DB68F85A3305}
	EndGlobalSection
EndGlobal
